
Microsoft Visual Studio Solution File, Format Version 12.00
# Visual Studio 15
VisualStudioVersion = 15.0.27703.2000
MinimumVisualStudioVersion = 10.0.40219.1
Project("{FAE04EC0-301F-11D3-BF4B-00C04F79EFBC}") = "PrjLangton", "PrjLangton\PrjLangton.csproj", "{5286ADCB-23F7-405D-B62B-B3D037CDEDFE}"
EndProject
Global
	GlobalSection(SolutionConfigurationPlatforms) = preSolution
		Debug|Any CPU = Debug|Any CPU
		Release|Any CPU = Release|Any CPU
	EndGlobalSection
	GlobalSection(ProjectConfigurationPlatforms) = postSolution
		{5286ADCB-23F7-405D-B62B-B3D037CDEDFE}.Debug|Any CPU.ActiveCfg = Debug|Any CPU
		{5286ADCB-23F7-405D-B62B-B3D037CDEDFE}.Debug|Any CPU.Build.0 = Debug|Any CPU
		{5286ADCB-23F7-405D-B62B-B3D037CDEDFE}.Release|Any CPU.ActiveCfg = Release|Any CPU
		{5286ADCB-23F7-405D-B62B-B3D037CDEDFE}.Release|Any CPU.Build.0 = Release|Any CPU
	EndGlobalSection
	GlobalSection(SolutionProperties) = preSolution
		HideSolutionNode = FALSE
	EndGlobalSection
	GlobalSection(ExtensibilityGlobals) = postSolution
		SolutionGuid = {4030F746-67AE-4691-932E-C4FB6A7ECE52}
	EndGlobalSection
EndGlobal
